
Microsoft Visual Studio Solution File, Format Version 12.00
# Visual Studio Version 16
VisualStudioVersion = 16.0.31112.23
MinimumVisualStudioVersion = 10.0.40219.1
Project("{9A19103F-16F7-4668-BE54-9A1E7A4F7556}") = "Chip8.Core", "Chip8.Core\Chip8.Core.csproj", "{83A05DEF-38B6-403E-9302-69CC9CD61FE2}"
EndProject
Project("{9A19103F-16F7-4668-BE54-9A1E7A4F7556}") = "Chip8.Tests", "Chip8.Tests\Chip8.Tests.csproj", "{699BD6FD-246F-4AA7-92F6-061AD5CB6677}"
EndProject
Project("{9A19103F-16F7-4668-BE54-9A1E7A4F7556}") = "Chip8.Internal", "Chip8.Internal\Chip8.Internal.csproj", "{D9A5AFE3-2BFF-452B-829B-E28929B0EEAB}"
EndProject
Project("{FAE04EC0-301F-11D3-BF4B-00C04F79EFBC}") = "Windows", "Windows\Windows.csproj", "{47A39ACA-F88B-4A1B-B6C5-33ACAC9E9E2A}"
EndProject
Global
	GlobalSection(SolutionConfigurationPlatforms) = preSolution
		Debug|Any CPU = Debug|Any CPU
		Release|Any CPU = Release|Any CPU
	EndGlobalSection
	GlobalSection(ProjectConfigurationPlatforms) = postSolution
		{83A05DEF-38B6-403E-9302-69CC9CD61FE2}.Debug|Any CPU.ActiveCfg = Debug|Any CPU
		{83A05DEF-38B6-403E-9302-69CC9CD61FE2}.Debug|Any CPU.Build.0 = Debug|Any CPU
		{83A05DEF-38B6-403E-9302-69CC9CD61FE2}.Release|Any CPU.ActiveCfg = Release|Any CPU
		{83A05DEF-38B6-403E-9302-69CC9CD61FE2}.Release|Any CPU.Build.0 = Release|Any CPU
		{699BD6FD-246F-4AA7-92F6-061AD5CB6677}.Debug|Any CPU.ActiveCfg = Debug|Any CPU
		{699BD6FD-246F-4AA7-92F6-061AD5CB6677}.Debug|Any CPU.Build.0 = Debug|Any CPU
		{699BD6FD-246F-4AA7-92F6-061AD5CB6677}.Release|Any CPU.ActiveCfg = Release|Any CPU
		{699BD6FD-246F-4AA7-92F6-061AD5CB6677}.Release|Any CPU.Build.0 = Release|Any CPU
		{D9A5AFE3-2BFF-452B-829B-E28929B0EEAB}.Debug|Any CPU.ActiveCfg = Debug|Any CPU
		{D9A5AFE3-2BFF-452B-829B-E28929B0EEAB}.Debug|Any CPU.Build.0 = Debug|Any CPU
		{D9A5AFE3-2BFF-452B-829B-E28929B0EEAB}.Release|Any CPU.ActiveCfg = Release|Any CPU
		{D9A5AFE3-2BFF-452B-829B-E28929B0EEAB}.Release|Any CPU.Build.0 = Release|Any CPU
		{47A39ACA-F88B-4A1B-B6C5-33ACAC9E9E2A}.Debug|Any CPU.ActiveCfg = Debug|Any CPU
		{47A39ACA-F88B-4A1B-B6C5-33ACAC9E9E2A}.Debug|Any CPU.Build.0 = Debug|Any CPU
		{47A39ACA-F88B-4A1B-B6C5-33ACAC9E9E2A}.Release|Any CPU.ActiveCfg = Release|Any CPU
		{47A39ACA-F88B-4A1B-B6C5-33ACAC9E9E2A}.Release|Any CPU.Build.0 = Release|Any CPU
	EndGlobalSection
	GlobalSection(SolutionProperties) = preSolution
		HideSolutionNode = FALSE
	EndGlobalSection
	GlobalSection(ExtensibilityGlobals) = postSolution
		SolutionGuid = {96BCDC78-E330-449A-9E3D-B6790BEDC520}
	EndGlobalSection
EndGlobal
